
Microsoft Visual Studio Solution File, Format Version 12.00
# Visual Studio Version 17
VisualStudioVersion = 17.11.35327.3
MinimumVisualStudioVersion = 10.0.40219.1
Project("{FAE04EC0-301F-11D3-BF4B-00C04F79EFBC}") = "jcANALYTICS.Lib", "jcANALYTICS.Lib\jcANALYTICS.Lib.csproj", "{ED21E2C2-A16D-4D10-8CE6-8EB7ADB26854}"
EndProject
Project("{FAE04EC0-301F-11D3-BF4B-00C04F79EFBC}") = "jcANALYTICS.ConsoleTests", "jcANALYTICS.ConsoleTests\jcANALYTICS.ConsoleTests.csproj", "{4C31B35A-9BAF-48AE-BB4D-5EE779BFA3CD}"
EndProject
Project("{54A90642-561A-4BB1-A94E-469ADEE60C69}") = "jcANALYTICS.Persistance.NodeJS", "jcANALYTICS.Persistance.NodeJS\jcANALYTICS.Persistance.NodeJS.esproj", "{ED65731A-DEB7-47F8-B7EE-125D4413B33F}"
EndProject
Global
	GlobalSection(SolutionConfigurationPlatforms) = preSolution
		Debug|Any CPU = Debug|Any CPU
		Release|Any CPU = Release|Any CPU
	EndGlobalSection
	GlobalSection(ProjectConfigurationPlatforms) = postSolution
		{ED21E2C2-A16D-4D10-8CE6-8EB7ADB26854}.Debug|Any CPU.ActiveCfg = Debug|Any CPU
		{ED21E2C2-A16D-4D10-8CE6-8EB7ADB26854}.Debug|Any CPU.Build.0 = Debug|Any CPU
		{ED21E2C2-A16D-4D10-8CE6-8EB7ADB26854}.Release|Any CPU.ActiveCfg = Release|Any CPU
		{ED21E2C2-A16D-4D10-8CE6-8EB7ADB26854}.Release|Any CPU.Build.0 = Release|Any CPU
		{4C31B35A-9BAF-48AE-BB4D-5EE779BFA3CD}.Debug|Any CPU.ActiveCfg = Debug|Any CPU
		{4C31B35A-9BAF-48AE-BB4D-5EE779BFA3CD}.Debug|Any CPU.Build.0 = Debug|Any CPU
		{4C31B35A-9BAF-48AE-BB4D-5EE779BFA3CD}.Release|Any CPU.ActiveCfg = Release|Any CPU
		{4C31B35A-9BAF-48AE-BB4D-5EE779BFA3CD}.Release|Any CPU.Build.0 = Release|Any CPU
		{ED65731A-DEB7-47F8-B7EE-125D4413B33F}.Debug|Any CPU.ActiveCfg = Debug|Any CPU
		{ED65731A-DEB7-47F8-B7EE-125D4413B33F}.Debug|Any CPU.Build.0 = Debug|Any CPU
		{ED65731A-DEB7-47F8-B7EE-125D4413B33F}.Debug|Any CPU.Deploy.0 = Debug|Any CPU
		{ED65731A-DEB7-47F8-B7EE-125D4413B33F}.Release|Any CPU.ActiveCfg = Release|Any CPU
		{ED65731A-DEB7-47F8-B7EE-125D4413B33F}.Release|Any CPU.Build.0 = Release|Any CPU
		{ED65731A-DEB7-47F8-B7EE-125D4413B33F}.Release|Any CPU.Deploy.0 = Release|Any CPU
	EndGlobalSection
	GlobalSection(SolutionProperties) = preSolution
		HideSolutionNode = FALSE
	EndGlobalSection
	GlobalSection(ExtensibilityGlobals) = postSolution
		BuildVersion_AssemblyInfoFilename = jcANALYTICS.Lib\Properties\AssemblyInfo.cs
		BuildVersion_UpdateFileVersion = True
		BuildVersion_UpdateAssemblyVersion = True
		BuildVersion_BuildVersioningStyle = None.None.Increment.MonthAndDayStamp
	EndGlobalSection
EndGlobal
